
Microsoft Visual Studio Solution File, Format Version 12.00
# Visual Studio 15
Project("{FAE04EC0-301F-11D3-BF4B-00C04F79EFBC}") = "IdentityServer", "IdentityServer.csproj", "{5D2168E4-28CE-46BF-AE9C-85F5F57ABDFA}"
EndProject
Global
	GlobalSection(SolutionConfigurationPlatforms) = preSolution
		Debug|Any CPU = Debug|Any CPU
		Release|Any CPU = Release|Any CPU
	EndGlobalSection
	GlobalSection(ProjectConfigurationPlatforms) = postSolution
		{5D2168E4-28CE-46BF-AE9C-85F5F57ABDFA}.Debug|Any CPU.ActiveCfg = Debug|Any CPU
		{5D2168E4-28CE-46BF-AE9C-85F5F57ABDFA}.Debug|Any CPU.Build.0 = Debug|Any CPU
		{5D2168E4-28CE-46BF-AE9C-85F5F57ABDFA}.Release|Any CPU.ActiveCfg = Release|Any CPU
		{5D2168E4-28CE-46BF-AE9C-85F5F57ABDFA}.Release|Any CPU.Build.0 = Release|Any CPU
	EndGlobalSection
EndGlobal
